// !$*UTF8*$!
{
	archiveVersion = 1;
	classes = {
	};
	objectVersion = 50;
	objects = {

/* Begin PBXBuildFile section */
		368FAD172360D18E007F01DD /* AppDelegate.swift in Sources */ = {isa = PBXBuildFile; fileRef = 368FAD162360D18E007F01DD /* AppDelegate.swift */; };
		368FAD192360D18E007F01DD /* ViewController.swift in Sources */ = {isa = PBXBuildFile; fileRef = 368FAD182360D18E007F01DD /* ViewController.swift */; };
		368FAD1C2360D18E007F01DD /* Main.storyboard in Resources */ = {isa = PBXBuildFile; fileRef = 368FAD1A2360D18E007F01DD /* Main.storyboard */; };
		368FAD1F2360D18E007F01DD /* CommonInputControls.xcdatamodeld in Sources */ = {isa = PBXBuildFile; fileRef = 368FAD1D2360D18E007F01DD /* CommonInputControls.xcdatamodeld */; };
		368FAD212360D18F007F01DD /* Assets.xcassets in Resources */ = {isa = PBXBuildFile; fileRef = 368FAD202360D18F007F01DD /* Assets.xcassets */; };
		368FAD242360D18F007F01DD /* LaunchScreen.storyboard in Resources */ = {isa = PBXBuildFile; fileRef = 368FAD222360D18F007F01DD /* LaunchScreen.storyboard */; };
		368FAD2F2360D18F007F01DD /* CommonInputControlsTests.swift in Sources */ = {isa = PBXBuildFile; fileRef = 368FAD2E2360D18F007F01DD /* CommonInputControlsTests.swift */; };
		368FAD3A2360D18F007F01DD /* CommonInputControlsUITests.swift in Sources */ = {isa = PBXBuildFile; fileRef = 368FAD392360D18F007F01DD /* CommonInputControlsUITests.swift */; };
/* End PBXBuildFile section */

/* Begin PBXContainerItemProxy section */
		368FAD2B2360D18F007F01DD /* PBXContainerItemProxy */ = {
			isa = PBXContainerItemProxy;
			containerPortal = 368FAD0B2360D18E007F01DD /* Project object */;
			proxyType = 1;
			remoteGlobalIDString = 368FAD122360D18E007F01DD;
			remoteInfo = CommonInputControls;
		};
		368FAD362360D18F007F01DD /* PBXContainerItemProxy */ = {
			isa = PBXContainerItemProxy;
			containerPortal = 368FAD0B2360D18E007F01DD /* Project object */;
			proxyType = 1;
			remoteGlobalIDString = 368FAD122360D18E007F01DD;
			remoteInfo = CommonInputControls;
		};
/* End PBXContainerItemProxy section */

/* Begin PBXFileReference section */
		368FAD132360D18E007F01DD /* CommonInputControls.app */ = {isa = PBXFileReference; explicitFileType = wrapper.application; includeInIndex = 0; path = CommonInputControls.app; sourceTree = BUILT_PRODUCTS_DIR; };
		368FAD162360D18E007F01DD /* AppDelegate.swift */ = {isa = PBXFileReference; lastKnownFileType = sourcecode.swift; path = AppDelegate.swift; sourceTree = "<group>"; };
		368FAD182360D18E007F01DD /* ViewController.swift */ = {isa = PBXFileReference; lastKnownFileType = sourcecode.swift; path = ViewController.swift; sourceTree = "<group>"; };
		368FAD1B2360D18E007F01DD /* Base */ = {isa = PBXFileReference; lastKnownFileType = file.storyboard; name = Base; path = Base.lproj/Main.storyboard; sourceTree = "<group>"; };
		368FAD1E2360D18E007F01DD /* CommonInputControls.xcdatamodel */ = {isa = PBXFileReference; lastKnownFileType = wrapper.xcdatamodel; path = CommonInputControls.xcdatamodel; sourceTree = "<group>"; };
		368FAD202360D18F007F01DD /* Assets.xcassets */ = {isa = PBXFileReference; lastKnownFileType = folder.assetcatalog; path = Assets.xcassets; sourceTree = "<group>"; };
		368FAD232360D18F007F01DD /* Base */ = {isa = PBXFileReference; lastKnownFileType = file.storyboard; name = Base; path = Base.lproj/LaunchScreen.storyboard; sourceTree = "<group>"; };
		368FAD252360D18F007F01DD /* Info.plist */ = {isa = PBXFileReference; lastKnownFileType = text.plist.xml; path = Info.plist; sourceTree = "<group>"; };
		368FAD2A2360D18F007F01DD /* CommonInputControlsTests.xctest */ = {isa = PBXFileReference; explicitFileType = wrapper.cfbundle; includeInIndex = 0; path = CommonInputControlsTests.xctest; sourceTree = BUILT_PRODUCTS_DIR; };
		368FAD2E2360D18F007F01DD /* CommonInputControlsTests.swift */ = {isa = PBXFileReference; lastKnownFileType = sourcecode.swift; path = CommonInputControlsTests.swift; sourceTree = "<group>"; };
		368FAD302360D18F007F01DD /* Info.plist */ = {isa = PBXFileReference; lastKnownFileType = text.plist.xml; path = Info.plist; sourceTree = "<group>"; };
		368FAD352360D18F007F01DD /* CommonInputControlsUITests.xctest */ = {isa = PBXFileReference; explicitFileType = wrapper.cfbundle; includeInIndex = 0; path = CommonInputControlsUITests.xctest; sourceTree = BUILT_PRODUCTS_DIR; };
		368FAD392360D18F007F01DD /* CommonInputControlsUITests.swift */ = {isa = PBXFileReference; lastKnownFileType = sourcecode.swift; path = CommonInputControlsUITests.swift; sourceTree = "<group>"; };
		368FAD3B2360D18F007F01DD /* Info.plist */ = {isa = PBXFileReference; lastKnownFileType = text.plist.xml; path = Info.plist; sourceTree = "<group>"; };
/* End PBXFileReference section */

/* Begin PBXFrameworksBuildPhase section */
		368FAD102360D18E007F01DD /* Frameworks */ = {
			isa = PBXFrameworksBuildPhase;
			buildActionMask = 2147483647;
			files = (
			);
			runOnlyForDeploymentPostprocessing = 0;
		};
		368FAD272360D18F007F01DD /* Frameworks */ = {
			isa = PBXFrameworksBuildPhase;
			buildActionMask = 2147483647;
			files = (
			);
			runOnlyForDeploymentPostprocessing = 0;
		};
		368FAD322360D18F007F01DD /* Frameworks */ = {
			isa = PBXFrameworksBuildPhase;
			buildActionMask = 2147483647;
			files = (
			);
			runOnlyForDeploymentPostprocessing = 0;
		};
/* End PBXFrameworksBuildPhase section */

/* Begin PBXGroup section */
		368FAD0A2360D18E007F01DD = {
			isa = PBXGroup;
			children = (
				368FAD152360D18E007F01DD /* CommonInputControls */,
				368FAD2D2360D18F007F01DD /* CommonInputControlsTests */,
				368FAD382360D18F007F01DD /* CommonInputControlsUITests */,
				368FAD142360D18E007F01DD /* Products */,
			);
			sourceTree = "<group>";
		};
		368FAD142360D18E007F01DD /* Products */ = {
			isa = PBXGroup;
			children = (
				368FAD132360D18E007F01DD /* CommonInputControls.app */,
				368FAD2A2360D18F007F01DD /* CommonInputControlsTests.xctest */,
				368FAD352360D18F007F01DD /* CommonInputControlsUITests.xctest */,
			);
			name = Products;
			sourceTree = "<group>";
		};
		368FAD152360D18E007F01DD /* CommonInputControls */ = {
			isa = PBXGroup;
			children = (
				368FAD162360D18E007F01DD /* AppDelegate.swift */,
				368FAD182360D18E007F01DD /* ViewController.swift */,
				368FAD1A2360D18E007F01DD /* Main.storyboard */,
				368FAD202360D18F007F01DD /* Assets.xcassets */,
				368FAD222360D18F007F01DD /* LaunchScreen.storyboard */,
				368FAD252360D18F007F01DD /* Info.plist */,
				368FAD1D2360D18E007F01DD /* CommonInputControls.xcdatamodeld */,
			);
			path = CommonInputControls;
			sourceTree = "<group>";
		};
		368FAD2D2360D18F007F01DD /* CommonInputControlsTests */ = {
			isa = PBXGroup;
			children = (
				368FAD2E2360D18F007F01DD /* CommonInputControlsTests.swift */,
				368FAD302360D18F007F01DD /* Info.plist */,
			);
			path = CommonInputControlsTests;
			sourceTree = "<group>";
		};
		368FAD382360D18F007F01DD /* CommonInputControlsUITests */ = {
			isa = PBXGroup;
			children = (
				368FAD392360D18F007F01DD /* CommonInputControlsUITests.swift */,
				368FAD3B2360D18F007F01DD /* Info.plist */,
			);
			path = CommonInputControlsUITests;
			sourceTree = "<group>";
		};
/* End PBXGroup section */

/* Begin PBXNativeTarget section */
		368FAD122360D18E007F01DD /* CommonInputControls */ = {
			isa = PBXNativeTarget;
			buildConfigurationList = 368FAD3E2360D18F007F01DD /* Build configuration list for PBXNativeTarget "CommonInputControls" */;
			buildPhases = (
				368FAD0F2360D18E007F01DD /* Sources */,
				368FAD102360D18E007F01DD /* Frameworks */,
				368FAD112360D18E007F01DD /* Resources */,
			);
			buildRules = (
			);
			dependencies = (
			);
			name = CommonInputControls;
			productName = CommonInputControls;
			productReference = 368FAD132360D18E007F01DD /* CommonInputControls.app */;
			productType = "com.apple.product-type.application";
		};
		368FAD292360D18F007F01DD /* CommonInputControlsTests */ = {
			isa = PBXNativeTarget;
			buildConfigurationList = 368FAD412360D18F007F01DD /* Build configuration list for PBXNativeTarget "CommonInputControlsTests" */;
			buildPhases = (
				368FAD262360D18F007F01DD /* Sources */,
				368FAD272360D18F007F01DD /* Frameworks */,
				368FAD282360D18F007F01DD /* Resources */,
			);
			buildRules = (
			);
			dependencies = (
				368FAD2C2360D18F007F01DD /* PBXTargetDependency */,
			);
			name = CommonInputControlsTests;
			productName = CommonInputControlsTests;
			productReference = 368FAD2A2360D18F007F01DD /* CommonInputControlsTests.xctest */;
			productType = "com.apple.product-type.bundle.unit-test";
		};
		368FAD342360D18F007F01DD /* CommonInputControlsUITests */ = {
			isa = PBXNativeTarget;
			buildConfigurationList = 368FAD442360D18F007F01DD /* Build configuration list for PBXNativeTarget "CommonInputControlsUITests" */;
			buildPhases = (
				368FAD312360D18F007F01DD /* Sources */,
				368FAD322360D18F007F01DD /* Frameworks */,
				368FAD332360D18F007F01DD /* Resources */,
			);
			buildRules = (
			);
			dependencies = (
				368FAD372360D18F007F01DD /* PBXTargetDependency */,
			);
			name = CommonInputControlsUITests;
			productName = CommonInputControlsUITests;
			productReference = 368FAD352360D18F007F01DD /* CommonInputControlsUITests.xctest */;
			productType = "com.apple.product-type.bundle.ui-testing";
		};
/* End PBXNativeTarget section */

/* Begin PBXProject section */
		368FAD0B2360D18E007F01DD /* Project object */ = {
			isa = PBXProject;
			attributes = {
				LastSwiftUpdateCheck = 1030;
				LastUpgradeCheck = 1030;
				ORGANIZATIONNAME = "Khan, Rayan A";
				TargetAttributes = {
					368FAD122360D18E007F01DD = {
						CreatedOnToolsVersion = 10.3;
					};
					368FAD292360D18F007F01DD = {
						CreatedOnToolsVersion = 10.3;
						TestTargetID = 368FAD122360D18E007F01DD;
					};
					368FAD342360D18F007F01DD = {
						CreatedOnToolsVersion = 10.3;
						TestTargetID = 368FAD122360D18E007F01DD;
					};
				};
			};
			buildConfigurationList = 368FAD0E2360D18E007F01DD /* Build configuration list for PBXProject "CommonInputControls" */;
			compatibilityVersion = "Xcode 9.3";
			developmentRegion = en;
			hasScannedForEncodings = 0;
			knownRegions = (
				en,
				Base,
			);
			mainGroup = 368FAD0A2360D18E007F01DD;
			productRefGroup = 368FAD142360D18E007F01DD /* Products */;
			projectDirPath = "";
			projectRoot = "";
			targets = (
				368FAD122360D18E007F01DD /* CommonInputControls */,
				368FAD292360D18F007F01DD /* CommonInputControlsTests */,
				368FAD342360D18F007F01DD /* CommonInputControlsUITests */,
			);
		};
/* End PBXProject section */

/* Begin PBXResourcesBuildPhase section */
		368FAD112360D18E007F01DD /* Resources */ = {
			isa = PBXResourcesBuildPhase;
			buildActionMask = 2147483647;
			files = (
				368FAD242360D18F007F01DD /* LaunchScreen.storyboard in Resources */,
				368FAD212360D18F007F01DD /* Assets.xcassets in Resources */,
				368FAD1C2360D18E007F01DD /* Main.storyboard in Resources */,
			);
			runOnlyForDeploymentPostprocessing = 0;
		};
		368FAD282360D18F007F01DD /* Resources */ = {
			isa = PBXResourcesBuildPhase;
			buildActionMask = 2147483647;
			files = (
			);
			runOnlyForDeploymentPostprocessing = 0;
		};
		368FAD332360D18F007F01DD /* Resources */ = {
			isa = PBXResourcesBuildPhase;
			buildActionMask = 2147483647;
			files = (
			);
			runOnlyForDeploymentPostprocessing = 0;
		};
/* End PBXResourcesBuildPhase section */

/* Begin PBXSourcesBuildPhase section */
		368FAD0F2360D18E007F01DD /* Sources */ = {
			isa = PBXSourcesBuildPhase;
			buildActionMask = 2147483647;
			files = (
				368FAD192360D18E007F01DD /* ViewController.swift in Sources */,
				368FAD172360D18E007F01DD /* AppDelegate.swift in Sources */,
				368FAD1F2360D18E007F01DD /* CommonInputControls.xcdatamodeld in Sources */,
			);
			runOnlyForDeploymentPostprocessing = 0;
		};
		368FAD262360D18F007F01DD /* Sources */ = {
			isa = PBXSourcesBuildPhase;
			buildActionMask = 2147483647;
			files = (
				368FAD2F2360D18F007F01DD /* CommonInputControlsTests.swift in Sources */,
			);
			runOnlyForDeploymentPostprocessing = 0;
		};
		368FAD312360D18F007F01DD /* Sources */ = {
			isa = PBXSourcesBuildPhase;
			buildActionMask = 2147483647;
			files = (
				368FAD3A2360D18F007F01DD /* CommonInputControlsUITests.swift in Sources */,
			);
			runOnlyForDeploymentPostprocessing = 0;
		};
/* End PBXSourcesBuildPhase section */

/* Begin PBXTargetDependency section */
		368FAD2C2360D18F007F01DD /* PBXTargetDependency */ = {
			isa = PBXTargetDependency;
			target = 368FAD122360D18E007F01DD /* CommonInputControls */;
			targetProxy = 368FAD2B2360D18F007F01DD /* PBXContainerItemProxy */;
		};
		368FAD372360D18F007F01DD /* PBXTargetDependency */ = {
			isa = PBXTargetDependency;
			target = 368FAD122360D18E007F01DD /* CommonInputControls */;
			targetProxy = 368FAD362360D18F007F01DD /* PBXContainerItemProxy */;
		};
/* End PBXTargetDependency section */

/* Begin PBXVariantGroup section */
		368FAD1A2360D18E007F01DD /* Main.storyboard */ = {
			isa = PBXVariantGroup;
			children = (
				368FAD1B2360D18E007F01DD /* Base */,
			);
			name = Main.storyboard;
			sourceTree = "<group>";
		};
		368FAD222360D18F007F01DD /* LaunchScreen.storyboard */ = {
			isa = PBXVariantGroup;
			children = (
				368FAD232360D18F007F01DD /* Base */,
			);
			name = LaunchScreen.storyboard;
			sourceTree = "<group>";
		};
/* End PBXVariantGroup section */

/* Begin XCBuildConfiguration section */
		368FAD3C2360D18F007F01DD /* Debug */ = {
			isa = XCBuildConfiguration;
			buildSettings = {
				ALWAYS_SEARCH_USER_PATHS = NO;
				CLANG_ANALYZER_NONNULL = YES;
				CLANG_ANALYZER_NUMBER_OBJECT_CONVERSION = YES_AGGRESSIVE;
				CLANG_CXX_LANGUAGE_STANDARD = "gnu++14";
				CLANG_CXX_LIBRARY = "libc++";
				CLANG_ENABLE_MODULES = YES;
				CLANG_ENABLE_OBJC_ARC = YES;
				CLANG_ENABLE_OBJC_WEAK = YES;
				CLANG_WARN_BLOCK_CAPTURE_AUTORELEASING = YES;
				CLANG_WARN_BOOL_CONVERSION = YES;
				CLANG_WARN_COMMA = YES;
				CLANG_WARN_CONSTANT_CONVERSION = YES;
				CLANG_WARN_DEPRECATED_OBJC_IMPLEMENTATIONS = YES;
				CLANG_WARN_DIRECT_OBJC_ISA_USAGE = YES_ERROR;
				CLANG_WARN_DOCUMENTATION_COMMENTS = YES;
				CLANG_WARN_EMPTY_BODY = YES;
				CLANG_WARN_ENUM_CONVERSION = YES;
				CLANG_WARN_INFINITE_RECURSION = YES;
				CLANG_WARN_INT_CONVERSION = YES;
				CLANG_WARN_NON_LITERAL_NULL_CONVERSION = YES;
				CLANG_WARN_OBJC_IMPLICIT_RETAIN_SELF = YES;
				CLANG_WARN_OBJC_LITERAL_CONVERSION = YES;
				CLANG_WARN_OBJC_ROOT_CLASS = YES_ERROR;
				CLANG_WARN_RANGE_LOOP_ANALYSIS = YES;
				CLANG_WARN_STRICT_PROTOTYPES = YES;
				CLANG_WARN_SUSPICIOUS_MOVE = YES;
				CLANG_WARN_UNGUARDED_AVAILABILITY = YES_AGGRESSIVE;
				CLANG_WARN_UNREACHABLE_CODE = YES;
				CLANG_WARN__DUPLICATE_METHOD_MATCH = YES;
				CODE_SIGN_IDENTITY = "iPhone Developer";
				COPY_PHASE_STRIP = NO;
				DEBUG_INFORMATION_FORMAT = dwarf;
				ENABLE_STRICT_OBJC_MSGSEND = YES;
				ENABLE_TESTABILITY = YES;
				GCC_C_LANGUAGE_STANDARD = gnu11;
				GCC_DYNAMIC_NO_PIC = NO;
				GCC_NO_COMMON_BLOCKS = YES;
				GCC_OPTIMIZATION_LEVEL = 0;
				GCC_PREPROCESSOR_DEFINITIONS = (
					"DEBUG=1",
					"$(inherited)",
				);
				GCC_WARN_64_TO_32_BIT_CONVERSION = YES;
				GCC_WARN_ABOUT_RETURN_TYPE = YES_ERROR;
				GCC_WARN_UNDECLARED_SELECTOR = YES;
				GCC_WARN_UNINITIALIZED_AUTOS = YES_AGGRESSIVE;
				GCC_WARN_UNUSED_FUNCTION = YES;
				GCC_WARN_UNUSED_VARIABLE = YES;
				IPHONEOS_DEPLOYMENT_TARGET = 12.4;
				MTL_ENABLE_DEBUG_INFO = INCLUDE_SOURCE;
				MTL_FAST_MATH = YES;
				ONLY_ACTIVE_ARCH = YES;
				SDKROOT = iphoneos;
				SWIFT_ACTIVE_COMPILATION_CONDITIONS = DEBUG;
				SWIFT_OPTIMIZATION_LEVEL = "-Onone";
			};
			name = Debug;
		};
		368FAD3D2360D18F007F01DD /* Release */ = {
			isa = XCBuildConfiguration;
			buildSettings = {
				ALWAYS_SEARCH_USER_PATHS = NO;
				CLANG_ANALYZER_NONNULL = YES;
				CLANG_ANALYZER_NUMBER_OBJECT_CONVERSION = YES_AGGRESSIVE;
				CLANG_CXX_LANGUAGE_STANDARD = "gnu++14";
				CLANG_CXX_LIBRARY = "libc++";
				CLANG_ENABLE_MODULES = YES;
				CLANG_ENABLE_OBJC_ARC = YES;
				CLANG_ENABLE_OBJC_WEAK = YES;
				CLANG_WARN_BLOCK_CAPTURE_AUTORELEASING = YES;
				CLANG_WARN_BOOL_CONVERSION = YES;
				CLANG_WARN_COMMA = YES;
				CLANG_WARN_CONSTANT_CONVERSION = YES;
				CLANG_WARN_DEPRECATED_OBJC_IMPLEMENTATIONS = YES;
				CLANG_WARN_DIRECT_OBJC_ISA_USAGE = YES_ERROR;
				CLANG_WARN_DOCUMENTATION_COMMENTS = YES;
				CLANG_WARN_EMPTY_BODY = YES;
				CLANG_WARN_ENUM_CONVERSION = YES;
				CLANG_WARN_INFINITE_RECURSION = YES;
				CLANG_WARN_INT_CONVERSION = YES;
				CLANG_WARN_NON_LITERAL_NULL_CONVERSION = YES;
				CLANG_WARN_OBJC_IMPLICIT_RETAIN_SELF = YES;
				CLANG_WARN_OBJC_LITERAL_CONVERSION = YES;
				CLANG_WARN_OBJC_ROOT_CLASS = YES_ERROR;
				CLANG_WARN_RANGE_LOOP_ANALYSIS = YES;
				CLANG_WARN_STRICT_PROTOTYPES = YES;
				CLANG_WARN_SUSPICIOUS_MOVE = YES;
				CLANG_WARN_UNGUARDED_AVAILABILITY = YES_AGGRESSIVE;
				CLANG_WARN_UNREACHABLE_CODE = YES;
				CLANG_WARN__DUPLICATE_METHOD_MATCH = YES;
				CODE_SIGN_IDENTITY = "iPhone Developer";
				COPY_PHASE_STRIP = NO;
				DEBUG_INFORMATION_FORMAT = "dwarf-with-dsym";
				ENABLE_NS_ASSERTIONS = NO;
				ENABLE_STRICT_OBJC_MSGSEND = YES;
				GCC_C_LANGUAGE_STANDARD = gnu11;
				GCC_NO_COMMON_BLOCKS = YES;
				GCC_WARN_64_TO_32_BIT_CONVERSION = YES;
				GCC_WARN_ABOUT_RETURN_TYPE = YES_ERROR;
				GCC_WARN_UNDECLARED_SELECTOR = YES;
				GCC_WARN_UNINITIALIZED_AUTOS = YES_AGGRESSIVE;
				GCC_WARN_UNUSED_FUNCTION = YES;
				GCC_WARN_UNUSED_VARIABLE = YES;
				IPHONEOS_DEPLOYMENT_TARGET = 12.4;
				MTL_ENABLE_DEBUG_INFO = NO;
				MTL_FAST_MATH = YES;
				SDKROOT = iphoneos;
				SWIFT_COMPILATION_MODE = wholemodule;
				SWIFT_OPTIMIZATION_LEVEL = "-O";
				VALIDATE_PRODUCT = YES;
			};
			name = Release;
		};
		368FAD3F2360D18F007F01DD /* Debug */ = {
			isa = XCBuildConfiguration;
			buildSettings = {
				ASSETCATALOG_COMPILER_APPICON_NAME = AppIcon;
				CODE_SIGN_STYLE = Automatic;
				DEVELOPMENT_TEAM = 9489Q3YVAN;
				INFOPLIST_FILE = CommonInputControls/Info.plist;
				LD_RUNPATH_SEARCH_PATHS = (
					"$(inherited)",
					"@executable_path/Frameworks",
				);
				PRODUCT_BUNDLE_IDENTIFIER = iRayanKhan.CommonInputControls;
				PRODUCT_NAME = "$(TARGET_NAME)";
				SWIFT_VERSION = 5.0;
				TARGETED_DEVICE_FAMILY = "1,2";
			};
			name = Debug;
		};
		368FAD402360D18F007F01DD /* Release */ = {
			isa = XCBuildConfiguration;
			buildSettings = {
				ASSETCATALOG_COMPILER_APPICON_NAME = AppIcon;
				CODE_SIGN_STYLE = Automatic;
				DEVELOPMENT_TEAM = 9489Q3YVAN;
				INFOPLIST_FILE = CommonInputControls/Info.plist;
				LD_RUNPATH_SEARCH_PATHS = (
					"$(inherited)",
					"@executable_path/Frameworks",
				);
				PRODUCT_BUNDLE_IDENTIFIER = iRayanKhan.CommonInputControls;
				PRODUCT_NAME = "$(TARGET_NAME)";
				SWIFT_VERSION = 5.0;
				TARGETED_DEVICE_FAMILY = "1,2";
			};
			name = Release;
		};
		368FAD422360D18F007F01DD /* Debug */ = {
			isa = XCBuildConfiguration;
			buildSettings = {
				ALWAYS_EMBED_SWIFT_STANDARD_LIBRARIES = YES;
				BUNDLE_LOADER = "$(TEST_HOST)";
				CODE_SIGN_STYLE = Automatic;
				DEVELOPMENT_TEAM = 9489Q3YVAN;
				INFOPLIST_FILE = CommonInputControlsTests/Info.plist;
				LD_RUNPATH_SEARCH_PATHS = (
					"$(inherited)",
					"@executable_path/Frameworks",
					"@loader_path/Frameworks",
				);
				PRODUCT_BUNDLE_IDENTIFIER = iRayanKhan.CommonInputControlsTests;
				PRODUCT_NAME = "$(TARGET_NAME)";
				SWIFT_VERSION = 5.0;
				TARGETED_DEVICE_FAMILY = "1,2";
				TEST_HOST = "$(BUILT_PRODUCTS_DIR)/CommonInputControls.app/CommonInputControls";
			};
			name = Debug;
		};
		368FAD432360D18F007F01DD /* Release */ = {
			isa = XCBuildConfiguration;
			buildSettings = {
				ALWAYS_EMBED_SWIFT_STANDARD_LIBRARIES = YES;
				BUNDLE_LOADER = "$(TEST_HOST)";
				CODE_SIGN_STYLE = Automatic;
				DEVELOPMENT_TEAM = 9489Q3YVAN;
				INFOPLIST_FILE = CommonInputControlsTests/Info.plist;
				LD_RUNPATH_SEARCH_PATHS = (
					"$(inherited)",
					"@executable_path/Frameworks",
					"@loader_path/Frameworks",
				);
				PRODUCT_BUNDLE_IDENTIFIER = iRayanKhan.CommonInputControlsTests;
				PRODUCT_NAME = "$(TARGET_NAME)";
				SWIFT_VERSION = 5.0;
				TARGETED_DEVICE_FAMILY = "1,2";
				TEST_HOST = "$(BUILT_PRODUCTS_DIR)/CommonInputControls.app/CommonInputControls";
			};
			name = Release;
		};
		368FAD452360D18F007F01DD /* Debug */ = {
			isa = XCBuildConfiguration;
			buildSettings = {
				ALWAYS_EMBED_SWIFT_STANDARD_LIBRARIES = YES;
				CODE_SIGN_STYLE = Automatic;
				DEVELOPMENT_TEAM = 9489Q3YVAN;
				INFOPLIST_FILE = CommonInputControlsUITests/Info.plist;
				LD_RUNPATH_SEARCH_PATHS = (
					"$(inherited)",
					"@executable_path/Frameworks",
					"@loader_path/Frameworks",
				);
				PRODUCT_BUNDLE_IDENTIFIER = iRayanKhan.CommonInputControlsUITests;
				PRODUCT_NAME = "$(TARGET_NAME)";
				SWIFT_VERSION = 5.0;
				TARGETED_DEVICE_FAMILY = "1,2";
				TEST_TARGET_NAME = CommonInputControls;
			};
			name = Debug;
		};
		368FAD462360D18F007F01DD /* Release */ = {
			isa = XCBuildConfiguration;
			buildSettings = {
				ALWAYS_EMBED_SWIFT_STANDARD_LIBRARIES = YES;
				CODE_SIGN_STYLE = Automatic;
				DEVELOPMENT_TEAM = 9489Q3YVAN;
				INFOPLIST_FILE = CommonInputControlsUITests/Info.plist;
				LD_RUNPATH_SEARCH_PATHS = (
					"$(inherited)",
					"@executable_path/Frameworks",
					"@loader_path/Frameworks",
				);
				PRODUCT_BUNDLE_IDENTIFIER = iRayanKhan.CommonInputControlsUITests;
				PRODUCT_NAME = "$(TARGET_NAME)";
				SWIFT_VERSION = 5.0;
				TARGETED_DEVICE_FAMILY = "1,2";
				TEST_TARGET_NAME = CommonInputControls;
			};
			name = Release;
		};
/* End XCBuildConfiguration section */

/* Begin XCConfigurationList section */
		368FAD0E2360D18E007F01DD /* Build configuration list for PBXProject "CommonInputControls" */ = {
			isa = XCConfigurationList;
			buildConfigurations = (
				368FAD3C2360D18F007F01DD /* Debug */,
				368FAD3D2360D18F007F01DD /* Release */,
			);
			defaultConfigurationIsVisible = 0;
			defaultConfigurationName = Release;
		};
		368FAD3E2360D18F007F01DD /* Build configuration list for PBXNativeTarget "CommonInputControls" */ = {
			isa = XCConfigurationList;
			buildConfigurations = (
				368FAD3F2360D18F007F01DD /* Debug */,
				368FAD402360D18F007F01DD /* Release */,
			);
			defaultConfigurationIsVisible = 0;
			defaultConfigurationName = Release;
		};
		368FAD412360D18F007F01DD /* Build configuration list for PBXNativeTarget "CommonInputControlsTests" */ = {
			isa = XCConfigurationList;
			buildConfigurations = (
				368FAD422360D18F007F01DD /* Debug */,
				368FAD432360D18F007F01DD /* Release */,
			);
			defaultConfigurationIsVisible = 0;
			defaultConfigurationName = Release;
		};
		368FAD442360D18F007F01DD /* Build configuration list for PBXNativeTarget "CommonInputControlsUITests" */ = {
			isa = XCConfigurationList;
			buildConfigurations = (
				368FAD452360D18F007F01DD /* Debug */,
				368FAD462360D18F007F01DD /* Release */,
			);
			defaultConfigurationIsVisible = 0;
			defaultConfigurationName = Release;
		};
/* End XCConfigurationList section */

/* Begin XCVersionGroup section */
		368FAD1D2360D18E007F01DD /* CommonInputControls.xcdatamodeld */ = {
			isa = XCVersionGroup;
			children = (
				368FAD1E2360D18E007F01DD /* CommonInputControls.xcdatamodel */,
			);
			currentVersion = 368FAD1E2360D18E007F01DD /* CommonInputControls.xcdatamodel */;
			path = CommonInputControls.xcdatamodeld;
			sourceTree = "<group>";
			versionGroupType = wrapper.xcdatamodel;
		};
/* End XCVersionGroup section */
	};
	rootObject = 368FAD0B2360D18E007F01DD /* Project object */;
}
